
Microsoft Visual Studio Solution File, Format Version 12.00
# Visual Studio Version 16
VisualStudioVersion = 16.0.30804.86
MinimumVisualStudioVersion = 10.0.40219.1
Project("{FAE04EC0-301F-11D3-BF4B-00C04F79EFBC}") = "ProjectHB.Android", "ProjectHB\ProjectHB.Android\ProjectHB.Android.csproj", "{1DEB4D6A-2304-476E-83AC-CE4AF4805172}"
EndProject
Project("{FAE04EC0-301F-11D3-BF4B-00C04F79EFBC}") = "ProjectHB", "ProjectHB\ProjectHB\ProjectHB.csproj", "{F9B96276-A440-4CDC-B291-B64F5DE87E3B}"
EndProject
Global
	GlobalSection(SolutionConfigurationPlatforms) = preSolution
		Debug|Any CPU = Debug|Any CPU
		Release|Any CPU = Release|Any CPU
	EndGlobalSection
	GlobalSection(ProjectConfigurationPlatforms) = postSolution
		{1DEB4D6A-2304-476E-83AC-CE4AF4805172}.Debug|Any CPU.ActiveCfg = Debug|Any CPU
		{1DEB4D6A-2304-476E-83AC-CE4AF4805172}.Debug|Any CPU.Build.0 = Debug|Any CPU
		{1DEB4D6A-2304-476E-83AC-CE4AF4805172}.Debug|Any CPU.Deploy.0 = Debug|Any CPU
		{1DEB4D6A-2304-476E-83AC-CE4AF4805172}.Release|Any CPU.ActiveCfg = Release|Any CPU
		{1DEB4D6A-2304-476E-83AC-CE4AF4805172}.Release|Any CPU.Build.0 = Release|Any CPU
		{1DEB4D6A-2304-476E-83AC-CE4AF4805172}.Release|Any CPU.Deploy.0 = Release|Any CPU
		{F9B96276-A440-4CDC-B291-B64F5DE87E3B}.Debug|Any CPU.ActiveCfg = Debug|Any CPU
		{F9B96276-A440-4CDC-B291-B64F5DE87E3B}.Debug|Any CPU.Build.0 = Debug|Any CPU
		{F9B96276-A440-4CDC-B291-B64F5DE87E3B}.Debug|Any CPU.Deploy.0 = Debug|Any CPU
		{F9B96276-A440-4CDC-B291-B64F5DE87E3B}.Release|Any CPU.ActiveCfg = Release|Any CPU
		{F9B96276-A440-4CDC-B291-B64F5DE87E3B}.Release|Any CPU.Build.0 = Release|Any CPU
		{F9B96276-A440-4CDC-B291-B64F5DE87E3B}.Release|Any CPU.Deploy.0 = Release|Any CPU
	EndGlobalSection
	GlobalSection(SolutionProperties) = preSolution
		HideSolutionNode = FALSE
	EndGlobalSection
	GlobalSection(ExtensibilityGlobals) = postSolution
		SolutionGuid = {2A8AEBB0-97D4-4A20-8885-6BFACBEAE0AB}
	EndGlobalSection
EndGlobal
